
Microsoft Visual Studio Solution File, Format Version 12.00
# Visual Studio Version 17
VisualStudioVersion = 17.8.34525.116
MinimumVisualStudioVersion = 10.0.40219.1
Project("{9A19103F-16F7-4668-BE54-9A1E7A4F7556}") = "R2FibonacciApp", "R2FibonacciApp.csproj", "{63351E7B-DE50-476C-9147-61CE000A0839}"
EndProject
Global
	GlobalSection(SolutionConfigurationPlatforms) = preSolution
		Debug|Any CPU = Debug|Any CPU
		Release|Any CPU = Release|Any CPU
	EndGlobalSection
	GlobalSection(ProjectConfigurationPlatforms) = postSolution
		{63351E7B-DE50-476C-9147-61CE000A0839}.Debug|Any CPU.ActiveCfg = Debug|Any CPU
		{63351E7B-DE50-476C-9147-61CE000A0839}.Debug|Any CPU.Build.0 = Debug|Any CPU
		{63351E7B-DE50-476C-9147-61CE000A0839}.Release|Any CPU.ActiveCfg = Release|Any CPU
		{63351E7B-DE50-476C-9147-61CE000A0839}.Release|Any CPU.Build.0 = Release|Any CPU
	EndGlobalSection
	GlobalSection(SolutionProperties) = preSolution
		HideSolutionNode = FALSE
	EndGlobalSection
	GlobalSection(ExtensibilityGlobals) = postSolution
		SolutionGuid = {258CA62D-1951-4580-B559-CE17C3A2B350}
	EndGlobalSection
EndGlobal
